
Microsoft Visual Studio Solution File, Format Version 12.00
# Visual Studio Version 16
VisualStudioVersion = 16.0.30907.101
MinimumVisualStudioVersion = 10.0.40219.1
Project("{FAE04EC0-301F-11D3-BF4B-00C04F79EFBC}") = "CPSC1012-Exercise05-Youngjae Lee", "CPSC1012-Exercise05-Youngjae Lee\CPSC1012-Exercise05-Youngjae Lee.csproj", "{921877C3-17DD-44DD-BD95-7244074527D5}"
EndProject
Global
	GlobalSection(SolutionConfigurationPlatforms) = preSolution
		Debug|Any CPU = Debug|Any CPU
		Release|Any CPU = Release|Any CPU
	EndGlobalSection
	GlobalSection(ProjectConfigurationPlatforms) = postSolution
		{921877C3-17DD-44DD-BD95-7244074527D5}.Debug|Any CPU.ActiveCfg = Debug|Any CPU
		{921877C3-17DD-44DD-BD95-7244074527D5}.Debug|Any CPU.Build.0 = Debug|Any CPU
		{921877C3-17DD-44DD-BD95-7244074527D5}.Release|Any CPU.ActiveCfg = Release|Any CPU
		{921877C3-17DD-44DD-BD95-7244074527D5}.Release|Any CPU.Build.0 = Release|Any CPU
	EndGlobalSection
	GlobalSection(SolutionProperties) = preSolution
		HideSolutionNode = FALSE
	EndGlobalSection
	GlobalSection(ExtensibilityGlobals) = postSolution
		SolutionGuid = {89142C4B-23AB-4401-BC43-8F1425EF61E9}
	EndGlobalSection
EndGlobal
